
Microsoft Visual Studio Solution File, Format Version 12.00
# Visual Studio 15
VisualStudioVersion = 15.0.26403.7
MinimumVisualStudioVersion = 10.0.40219.1
Project("{F184B08F-C81C-45F6-A57F-5ABD9991F28F}") = "BaseClasses", "BaseClasses\BaseClasses.vbproj", "{23B1E7AF-2E58-477E-A15A-862090201B21}"
EndProject
Project("{F184B08F-C81C-45F6-A57F-5ABD9991F28F}") = "SQLiteHelper", "SQLiteHelper\SQLiteHelper.vbproj", "{3066E943-F5A1-42D2-A7AF-C68A870CAB18}"
EndProject
Project("{F184B08F-C81C-45F6-A57F-5ABD9991F28F}") = "TestApp1", "TestApp1\TestApp1.vbproj", "{B0CF9B69-7C77-46E3-A762-8FAE8234E6E2}"
EndProject
Global
	GlobalSection(SolutionConfigurationPlatforms) = preSolution
		Debug|Any CPU = Debug|Any CPU
		Release|Any CPU = Release|Any CPU
	EndGlobalSection
	GlobalSection(ProjectConfigurationPlatforms) = postSolution
		{23B1E7AF-2E58-477E-A15A-862090201B21}.Debug|Any CPU.ActiveCfg = Debug|Any CPU
		{23B1E7AF-2E58-477E-A15A-862090201B21}.Debug|Any CPU.Build.0 = Debug|Any CPU
		{23B1E7AF-2E58-477E-A15A-862090201B21}.Release|Any CPU.ActiveCfg = Release|Any CPU
		{23B1E7AF-2E58-477E-A15A-862090201B21}.Release|Any CPU.Build.0 = Release|Any CPU
		{3066E943-F5A1-42D2-A7AF-C68A870CAB18}.Debug|Any CPU.ActiveCfg = Debug|Any CPU
		{3066E943-F5A1-42D2-A7AF-C68A870CAB18}.Debug|Any CPU.Build.0 = Debug|Any CPU
		{3066E943-F5A1-42D2-A7AF-C68A870CAB18}.Release|Any CPU.ActiveCfg = Release|Any CPU
		{3066E943-F5A1-42D2-A7AF-C68A870CAB18}.Release|Any CPU.Build.0 = Release|Any CPU
		{B0CF9B69-7C77-46E3-A762-8FAE8234E6E2}.Debug|Any CPU.ActiveCfg = Debug|Any CPU
		{B0CF9B69-7C77-46E3-A762-8FAE8234E6E2}.Debug|Any CPU.Build.0 = Debug|Any CPU
		{B0CF9B69-7C77-46E3-A762-8FAE8234E6E2}.Release|Any CPU.ActiveCfg = Release|Any CPU
		{B0CF9B69-7C77-46E3-A762-8FAE8234E6E2}.Release|Any CPU.Build.0 = Release|Any CPU
	EndGlobalSection
	GlobalSection(SolutionProperties) = preSolution
		HideSolutionNode = FALSE
	EndGlobalSection
EndGlobal
