
Microsoft Visual Studio Solution File, Format Version 12.00
# Visual Studio 15
VisualStudioVersion = 15.0.26403.7
MinimumVisualStudioVersion = 10.0.40219.1
Project("{F184B08F-C81C-45F6-A57F-5ABD9991F28F}") = "BaseClasses", "DBHelpers\BaseClasses\BaseClasses.vbproj", "{23B1E7AF-2E58-477E-A15A-862090201B21}"
EndProject
Project("{F184B08F-C81C-45F6-A57F-5ABD9991F28F}") = "DTIAdminPanel", "DTIAdminPanel\DTIAdminPanel\DTIAdminPanel.vbproj", "{74009BBF-5539-4A38-8532-D9D5880D273D}"
EndProject
Project("{F184B08F-C81C-45F6-A57F-5ABD9991F28F}") = "DTIAjax", "DTIAjax\DTIAjax\DTIAjax.vbproj", "{AD7D65C9-79DA-4C04-9BBF-36FD51DE19F2}"
EndProject
Project("{F184B08F-C81C-45F6-A57F-5ABD9991F28F}") = "DTIContentManagement", "DTIContentManagement\DTIContentManagement\DTIContentManagement.vbproj", "{45BE892A-4E37-47F1-9FD1-54CDEB8DDC6B}"
EndProject
Project("{F184B08F-C81C-45F6-A57F-5ABD9991F28F}") = "DTIGallery", "DTIContentManagement\DTIGalleryControl\DTIGalleryControl\DTIGallery.vbproj", "{434854F6-331D-41E1-BB5E-D23FB44098EC}"
EndProject
Project("{F184B08F-C81C-45F6-A57F-5ABD9991F28F}") = "DTIImageManager", "DTIContentManagement\DTIImageManager\DTIImageManager.vbproj", "{F7332F7E-7883-4DA9-A8BD-97E5F7266321}"
EndProject
Project("{F184B08F-C81C-45F6-A57F-5ABD9991F28F}") = "DTIMediaManager", "DTIContentManagement\DTIMediaManager\DTIMediaManager.vbproj", "{82F81992-98B3-435B-BF07-E3AAD8EFF929}"
EndProject
Project("{F184B08F-C81C-45F6-A57F-5ABD9991F28F}") = "DTIUploader", "DTIContentManagement\DTIUploader\DTIUploader.vbproj", "{09114331-3F81-47B3-819F-ED110F2BE7EC}"
EndProject
Project("{F184B08F-C81C-45F6-A57F-5ABD9991F28F}") = "DTIVideoManager", "DTIContentManagement\DTIVideoManager\DTIVideoManager.vbproj", "{723064CC-6C30-422B-8927-19FE9592901C}"
EndProject
Project("{F184B08F-C81C-45F6-A57F-5ABD9991F28F}") = "DTIGoogleCalendar", "DTIGoogleCalendar\DTIGoogleCalendar.vbproj", "{0AEA4AD2-5997-4485-A867-CEF26C8A3780}"
EndProject
Project("{F184B08F-C81C-45F6-A57F-5ABD9991F28F}") = "DTIMapControl", "DTIMapControl\DTIMapControl\DTIMapControl.vbproj", "{988AF3B8-05F5-4091-826B-F0E6CA0CF765}"
EndProject
Project("{F184B08F-C81C-45F6-A57F-5ABD9991F28F}") = "DTIMiniControls", "DTIMiniControls\DTIMiniControls\DTIMiniControls.vbproj", "{99A7012D-CE00-4F37-B578-7AF15C5A3D1C}"
EndProject
Project("{F184B08F-C81C-45F6-A57F-5ABD9991F28F}") = "DTIServerControls", "DTIServerControl\DTIServerControls.vbproj", "{48529821-DD5A-47E2-8444-A91143140EA6}"
EndProject
Project("{F184B08F-C81C-45F6-A57F-5ABD9991F28F}") = "DTISortable", "DTISortable\DTISortable\DTISortable.vbproj", "{453D33FF-37BA-4EEC-B7DA-B117D85041AD}"
EndProject
Project("{F184B08F-C81C-45F6-A57F-5ABD9991F28F}") = "DTITagManager", "DTITagManager\DTITagManager.vbproj", "{610FB933-5858-486D-B2C8-6B7132754E06}"
EndProject
Project("{F184B08F-C81C-45F6-A57F-5ABD9991F28F}") = "HighslideControls", "HighslideControls\HighslideControls\HighslideControls.vbproj", "{F26E8251-F511-4889-A31D-384D1F497A2B}"
EndProject
Project("{F184B08F-C81C-45F6-A57F-5ABD9991F28F}") = "jQueryLibrary", "jQueryLibrary\jQueryLibrary\jQueryLibrary.vbproj", "{29AB90A7-F4EB-4619-BD62-05ACEBD19FEC}"
EndProject
Project("{F184B08F-C81C-45F6-A57F-5ABD9991F28F}") = "VideoPanel", "VideoPanel\VideoPanel\VideoPanel\VideoPanel.vbproj", "{A820B67A-D404-4DB1-AA99-18ADB90678F7}"
EndProject
Project("{F184B08F-C81C-45F6-A57F-5ABD9991F28F}") = "JqueryUIControls", "JqueryUIControls\JqueryUIControls\JqueryUIControls.vbproj", "{CC9F78D0-B8DA-4945-9B59-96BC05762F56}"
EndProject
Project("{F184B08F-C81C-45F6-A57F-5ABD9991F28F}") = "Binding", "Binding\Binding\Binding.vbproj", "{E606E1DF-3F67-406A-A1CF-B691143763D8}"
EndProject
Project("{F184B08F-C81C-45F6-A57F-5ABD9991F28F}") = "SQLiteHelper", "DBHelpers\SQLiteHelper\SQLiteHelper.vbproj", "{3066E943-F5A1-42D2-A7AF-C68A870CAB18}"
EndProject
Project("{F184B08F-C81C-45F6-A57F-5ABD9991F28F}") = "SummerNote", "SummerNote\SummerNote\SummerNote.vbproj", "{4F287F0B-022D-43DA-9941-291A957E0E7F}"
EndProject
Project("{F184B08F-C81C-45F6-A57F-5ABD9991F28F}") = "DTIControlsSharedFunctions", "DTIControlsSharedFunctions\DTIControlsSharedFunctions.vbproj", "{358E3866-5A76-4B5E-8903-8D605977CE0E}"
EndProject
Project("{F184B08F-C81C-45F6-A57F-5ABD9991F28F}") = "_DTIControls", "_DTIControls\_DTIControls.vbproj", "{13BDEFD8-8A9A-4FA9-9E76-420D45237F85}"
EndProject
Global
	GlobalSection(SolutionConfigurationPlatforms) = preSolution
		Debug|Any CPU = Debug|Any CPU
		Debug|x64 = Debug|x64
		Debug|x86 = Debug|x86
		Release|Any CPU = Release|Any CPU
		Release|x64 = Release|x64
		Release|x86 = Release|x86
	EndGlobalSection
	GlobalSection(ProjectConfigurationPlatforms) = postSolution
		{23B1E7AF-2E58-477E-A15A-862090201B21}.Debug|Any CPU.ActiveCfg = Debug|Any CPU
		{23B1E7AF-2E58-477E-A15A-862090201B21}.Debug|Any CPU.Build.0 = Debug|Any CPU
		{23B1E7AF-2E58-477E-A15A-862090201B21}.Debug|x64.ActiveCfg = Debug|Any CPU
		{23B1E7AF-2E58-477E-A15A-862090201B21}.Debug|x86.ActiveCfg = Debug|Any CPU
		{23B1E7AF-2E58-477E-A15A-862090201B21}.Release|Any CPU.ActiveCfg = Release|Any CPU
		{23B1E7AF-2E58-477E-A15A-862090201B21}.Release|Any CPU.Build.0 = Release|Any CPU
		{23B1E7AF-2E58-477E-A15A-862090201B21}.Release|x64.ActiveCfg = Release|Any CPU
		{23B1E7AF-2E58-477E-A15A-862090201B21}.Release|x86.ActiveCfg = Release|Any CPU
		{74009BBF-5539-4A38-8532-D9D5880D273D}.Debug|Any CPU.ActiveCfg = Debug|Any CPU
		{74009BBF-5539-4A38-8532-D9D5880D273D}.Debug|Any CPU.Build.0 = Debug|Any CPU
		{74009BBF-5539-4A38-8532-D9D5880D273D}.Debug|x64.ActiveCfg = Debug|Any CPU
		{74009BBF-5539-4A38-8532-D9D5880D273D}.Debug|x86.ActiveCfg = Debug|Any CPU
		{74009BBF-5539-4A38-8532-D9D5880D273D}.Release|Any CPU.ActiveCfg = Release|Any CPU
		{74009BBF-5539-4A38-8532-D9D5880D273D}.Release|Any CPU.Build.0 = Release|Any CPU
		{74009BBF-5539-4A38-8532-D9D5880D273D}.Release|x64.ActiveCfg = Release|Any CPU
		{74009BBF-5539-4A38-8532-D9D5880D273D}.Release|x86.ActiveCfg = Release|Any CPU
		{AD7D65C9-79DA-4C04-9BBF-36FD51DE19F2}.Debug|Any CPU.ActiveCfg = Debug|Any CPU
		{AD7D65C9-79DA-4C04-9BBF-36FD51DE19F2}.Debug|Any CPU.Build.0 = Debug|Any CPU
		{AD7D65C9-79DA-4C04-9BBF-36FD51DE19F2}.Debug|x64.ActiveCfg = Debug|Any CPU
		{AD7D65C9-79DA-4C04-9BBF-36FD51DE19F2}.Debug|x86.ActiveCfg = Debug|Any CPU
		{AD7D65C9-79DA-4C04-9BBF-36FD51DE19F2}.Release|Any CPU.ActiveCfg = Release|Any CPU
		{AD7D65C9-79DA-4C04-9BBF-36FD51DE19F2}.Release|Any CPU.Build.0 = Release|Any CPU
		{AD7D65C9-79DA-4C04-9BBF-36FD51DE19F2}.Release|x64.ActiveCfg = Release|Any CPU
		{AD7D65C9-79DA-4C04-9BBF-36FD51DE19F2}.Release|x86.ActiveCfg = Release|Any CPU
		{45BE892A-4E37-47F1-9FD1-54CDEB8DDC6B}.Debug|Any CPU.ActiveCfg = Debug|Any CPU
		{45BE892A-4E37-47F1-9FD1-54CDEB8DDC6B}.Debug|Any CPU.Build.0 = Debug|Any CPU
		{45BE892A-4E37-47F1-9FD1-54CDEB8DDC6B}.Debug|x64.ActiveCfg = Debug|x64
		{45BE892A-4E37-47F1-9FD1-54CDEB8DDC6B}.Debug|x64.Build.0 = Debug|x64
		{45BE892A-4E37-47F1-9FD1-54CDEB8DDC6B}.Debug|x86.ActiveCfg = Debug|x86
		{45BE892A-4E37-47F1-9FD1-54CDEB8DDC6B}.Debug|x86.Build.0 = Debug|x86
		{45BE892A-4E37-47F1-9FD1-54CDEB8DDC6B}.Release|Any CPU.ActiveCfg = Release|Any CPU
		{45BE892A-4E37-47F1-9FD1-54CDEB8DDC6B}.Release|Any CPU.Build.0 = Release|Any CPU
		{45BE892A-4E37-47F1-9FD1-54CDEB8DDC6B}.Release|x64.ActiveCfg = Release|x64
		{45BE892A-4E37-47F1-9FD1-54CDEB8DDC6B}.Release|x64.Build.0 = Release|x64
		{45BE892A-4E37-47F1-9FD1-54CDEB8DDC6B}.Release|x86.ActiveCfg = Release|x86
		{45BE892A-4E37-47F1-9FD1-54CDEB8DDC6B}.Release|x86.Build.0 = Release|x86
		{434854F6-331D-41E1-BB5E-D23FB44098EC}.Debug|Any CPU.ActiveCfg = Debug|Any CPU
		{434854F6-331D-41E1-BB5E-D23FB44098EC}.Debug|Any CPU.Build.0 = Debug|Any CPU
		{434854F6-331D-41E1-BB5E-D23FB44098EC}.Debug|x64.ActiveCfg = Debug|x64
		{434854F6-331D-41E1-BB5E-D23FB44098EC}.Debug|x64.Build.0 = Debug|x64
		{434854F6-331D-41E1-BB5E-D23FB44098EC}.Debug|x86.ActiveCfg = Debug|x86
		{434854F6-331D-41E1-BB5E-D23FB44098EC}.Debug|x86.Build.0 = Debug|x86
		{434854F6-331D-41E1-BB5E-D23FB44098EC}.Release|Any CPU.ActiveCfg = Release|Any CPU
		{434854F6-331D-41E1-BB5E-D23FB44098EC}.Release|Any CPU.Build.0 = Release|Any CPU
		{434854F6-331D-41E1-BB5E-D23FB44098EC}.Release|x64.ActiveCfg = Release|x64
		{434854F6-331D-41E1-BB5E-D23FB44098EC}.Release|x64.Build.0 = Release|x64
		{434854F6-331D-41E1-BB5E-D23FB44098EC}.Release|x86.ActiveCfg = Release|x86
		{434854F6-331D-41E1-BB5E-D23FB44098EC}.Release|x86.Build.0 = Release|x86
		{F7332F7E-7883-4DA9-A8BD-97E5F7266321}.Debug|Any CPU.ActiveCfg = Debug|Any CPU
		{F7332F7E-7883-4DA9-A8BD-97E5F7266321}.Debug|Any CPU.Build.0 = Debug|Any CPU
		{F7332F7E-7883-4DA9-A8BD-97E5F7266321}.Debug|x64.ActiveCfg = Debug|x64
		{F7332F7E-7883-4DA9-A8BD-97E5F7266321}.Debug|x64.Build.0 = Debug|x64
		{F7332F7E-7883-4DA9-A8BD-97E5F7266321}.Debug|x86.ActiveCfg = Debug|x86
		{F7332F7E-7883-4DA9-A8BD-97E5F7266321}.Debug|x86.Build.0 = Debug|x86
		{F7332F7E-7883-4DA9-A8BD-97E5F7266321}.Release|Any CPU.ActiveCfg = Release|Any CPU
		{F7332F7E-7883-4DA9-A8BD-97E5F7266321}.Release|Any CPU.Build.0 = Release|Any CPU
		{F7332F7E-7883-4DA9-A8BD-97E5F7266321}.Release|x64.ActiveCfg = Release|x64
		{F7332F7E-7883-4DA9-A8BD-97E5F7266321}.Release|x64.Build.0 = Release|x64
		{F7332F7E-7883-4DA9-A8BD-97E5F7266321}.Release|x86.ActiveCfg = Release|x86
		{F7332F7E-7883-4DA9-A8BD-97E5F7266321}.Release|x86.Build.0 = Release|x86
		{82F81992-98B3-435B-BF07-E3AAD8EFF929}.Debug|Any CPU.ActiveCfg = Debug|Any CPU
		{82F81992-98B3-435B-BF07-E3AAD8EFF929}.Debug|Any CPU.Build.0 = Debug|Any CPU
		{82F81992-98B3-435B-BF07-E3AAD8EFF929}.Debug|x64.ActiveCfg = Debug|x64
		{82F81992-98B3-435B-BF07-E3AAD8EFF929}.Debug|x64.Build.0 = Debug|x64
		{82F81992-98B3-435B-BF07-E3AAD8EFF929}.Debug|x86.ActiveCfg = Debug|x86
		{82F81992-98B3-435B-BF07-E3AAD8EFF929}.Debug|x86.Build.0 = Debug|x86
		{82F81992-98B3-435B-BF07-E3AAD8EFF929}.Release|Any CPU.ActiveCfg = Release|Any CPU
		{82F81992-98B3-435B-BF07-E3AAD8EFF929}.Release|Any CPU.Build.0 = Release|Any CPU
		{82F81992-98B3-435B-BF07-E3AAD8EFF929}.Release|x64.ActiveCfg = Release|x64
		{82F81992-98B3-435B-BF07-E3AAD8EFF929}.Release|x64.Build.0 = Release|x64
		{82F81992-98B3-435B-BF07-E3AAD8EFF929}.Release|x86.ActiveCfg = Release|x86
		{82F81992-98B3-435B-BF07-E3AAD8EFF929}.Release|x86.Build.0 = Release|x86
		{09114331-3F81-47B3-819F-ED110F2BE7EC}.Debug|Any CPU.ActiveCfg = Debug|Any CPU
		{09114331-3F81-47B3-819F-ED110F2BE7EC}.Debug|Any CPU.Build.0 = Debug|Any CPU
		{09114331-3F81-47B3-819F-ED110F2BE7EC}.Debug|x64.ActiveCfg = Debug|x64
		{09114331-3F81-47B3-819F-ED110F2BE7EC}.Debug|x64.Build.0 = Debug|x64
		{09114331-3F81-47B3-819F-ED110F2BE7EC}.Debug|x86.ActiveCfg = Debug|x86
		{09114331-3F81-47B3-819F-ED110F2BE7EC}.Debug|x86.Build.0 = Debug|x86
		{09114331-3F81-47B3-819F-ED110F2BE7EC}.Release|Any CPU.ActiveCfg = Release|Any CPU
		{09114331-3F81-47B3-819F-ED110F2BE7EC}.Release|Any CPU.Build.0 = Release|Any CPU
		{09114331-3F81-47B3-819F-ED110F2BE7EC}.Release|x64.ActiveCfg = Release|x64
		{09114331-3F81-47B3-819F-ED110F2BE7EC}.Release|x64.Build.0 = Release|x64
		{09114331-3F81-47B3-819F-ED110F2BE7EC}.Release|x86.ActiveCfg = Release|x86
		{09114331-3F81-47B3-819F-ED110F2BE7EC}.Release|x86.Build.0 = Release|x86
		{723064CC-6C30-422B-8927-19FE9592901C}.Debug|Any CPU.ActiveCfg = Debug|Any CPU
		{723064CC-6C30-422B-8927-19FE9592901C}.Debug|Any CPU.Build.0 = Debug|Any CPU
		{723064CC-6C30-422B-8927-19FE9592901C}.Debug|x64.ActiveCfg = Debug|x64
		{723064CC-6C30-422B-8927-19FE9592901C}.Debug|x64.Build.0 = Debug|x64
		{723064CC-6C30-422B-8927-19FE9592901C}.Debug|x86.ActiveCfg = Debug|x86
		{723064CC-6C30-422B-8927-19FE9592901C}.Debug|x86.Build.0 = Debug|x86
		{723064CC-6C30-422B-8927-19FE9592901C}.Release|Any CPU.ActiveCfg = Release|Any CPU
		{723064CC-6C30-422B-8927-19FE9592901C}.Release|Any CPU.Build.0 = Release|Any CPU
		{723064CC-6C30-422B-8927-19FE9592901C}.Release|x64.ActiveCfg = Release|x64
		{723064CC-6C30-422B-8927-19FE9592901C}.Release|x64.Build.0 = Release|x64
		{723064CC-6C30-422B-8927-19FE9592901C}.Release|x86.ActiveCfg = Release|x86
		{723064CC-6C30-422B-8927-19FE9592901C}.Release|x86.Build.0 = Release|x86
		{0AEA4AD2-5997-4485-A867-CEF26C8A3780}.Debug|Any CPU.ActiveCfg = Debug|Any CPU
		{0AEA4AD2-5997-4485-A867-CEF26C8A3780}.Debug|Any CPU.Build.0 = Debug|Any CPU
		{0AEA4AD2-5997-4485-A867-CEF26C8A3780}.Debug|x64.ActiveCfg = Debug|Any CPU
		{0AEA4AD2-5997-4485-A867-CEF26C8A3780}.Debug|x86.ActiveCfg = Debug|Any CPU
		{0AEA4AD2-5997-4485-A867-CEF26C8A3780}.Release|Any CPU.ActiveCfg = Release|Any CPU
		{0AEA4AD2-5997-4485-A867-CEF26C8A3780}.Release|Any CPU.Build.0 = Release|Any CPU
		{0AEA4AD2-5997-4485-A867-CEF26C8A3780}.Release|x64.ActiveCfg = Release|Any CPU
		{0AEA4AD2-5997-4485-A867-CEF26C8A3780}.Release|x86.ActiveCfg = Release|Any CPU
		{988AF3B8-05F5-4091-826B-F0E6CA0CF765}.Debug|Any CPU.ActiveCfg = Debug|Any CPU
		{988AF3B8-05F5-4091-826B-F0E6CA0CF765}.Debug|Any CPU.Build.0 = Debug|Any CPU
		{988AF3B8-05F5-4091-826B-F0E6CA0CF765}.Debug|x64.ActiveCfg = Debug|Any CPU
		{988AF3B8-05F5-4091-826B-F0E6CA0CF765}.Debug|x86.ActiveCfg = Debug|Any CPU
		{988AF3B8-05F5-4091-826B-F0E6CA0CF765}.Release|Any CPU.ActiveCfg = Release|Any CPU
		{988AF3B8-05F5-4091-826B-F0E6CA0CF765}.Release|Any CPU.Build.0 = Release|Any CPU
		{988AF3B8-05F5-4091-826B-F0E6CA0CF765}.Release|x64.ActiveCfg = Release|Any CPU
		{988AF3B8-05F5-4091-826B-F0E6CA0CF765}.Release|x86.ActiveCfg = Release|Any CPU
		{99A7012D-CE00-4F37-B578-7AF15C5A3D1C}.Debug|Any CPU.ActiveCfg = Debug|Any CPU
		{99A7012D-CE00-4F37-B578-7AF15C5A3D1C}.Debug|Any CPU.Build.0 = Debug|Any CPU
		{99A7012D-CE00-4F37-B578-7AF15C5A3D1C}.Debug|x64.ActiveCfg = Debug|Any CPU
		{99A7012D-CE00-4F37-B578-7AF15C5A3D1C}.Debug|x86.ActiveCfg = Debug|Any CPU
		{99A7012D-CE00-4F37-B578-7AF15C5A3D1C}.Release|Any CPU.ActiveCfg = Release|Any CPU
		{99A7012D-CE00-4F37-B578-7AF15C5A3D1C}.Release|Any CPU.Build.0 = Release|Any CPU
		{99A7012D-CE00-4F37-B578-7AF15C5A3D1C}.Release|x64.ActiveCfg = Release|Any CPU
		{99A7012D-CE00-4F37-B578-7AF15C5A3D1C}.Release|x86.ActiveCfg = Release|Any CPU
		{48529821-DD5A-47E2-8444-A91143140EA6}.Debug|Any CPU.ActiveCfg = Debug|Any CPU
		{48529821-DD5A-47E2-8444-A91143140EA6}.Debug|Any CPU.Build.0 = Debug|Any CPU
		{48529821-DD5A-47E2-8444-A91143140EA6}.Debug|x64.ActiveCfg = Debug|Any CPU
		{48529821-DD5A-47E2-8444-A91143140EA6}.Debug|x86.ActiveCfg = Debug|Any CPU
		{48529821-DD5A-47E2-8444-A91143140EA6}.Release|Any CPU.ActiveCfg = Release|Any CPU
		{48529821-DD5A-47E2-8444-A91143140EA6}.Release|Any CPU.Build.0 = Release|Any CPU
		{48529821-DD5A-47E2-8444-A91143140EA6}.Release|x64.ActiveCfg = Release|Any CPU
		{48529821-DD5A-47E2-8444-A91143140EA6}.Release|x86.ActiveCfg = Release|Any CPU
		{453D33FF-37BA-4EEC-B7DA-B117D85041AD}.Debug|Any CPU.ActiveCfg = Debug|Any CPU
		{453D33FF-37BA-4EEC-B7DA-B117D85041AD}.Debug|Any CPU.Build.0 = Debug|Any CPU
		{453D33FF-37BA-4EEC-B7DA-B117D85041AD}.Debug|x64.ActiveCfg = Debug|Any CPU
		{453D33FF-37BA-4EEC-B7DA-B117D85041AD}.Debug|x86.ActiveCfg = Debug|Any CPU
		{453D33FF-37BA-4EEC-B7DA-B117D85041AD}.Release|Any CPU.ActiveCfg = Release|Any CPU
		{453D33FF-37BA-4EEC-B7DA-B117D85041AD}.Release|Any CPU.Build.0 = Release|Any CPU
		{453D33FF-37BA-4EEC-B7DA-B117D85041AD}.Release|x64.ActiveCfg = Release|Any CPU
		{453D33FF-37BA-4EEC-B7DA-B117D85041AD}.Release|x86.ActiveCfg = Release|Any CPU
		{610FB933-5858-486D-B2C8-6B7132754E06}.Debug|Any CPU.ActiveCfg = Debug|Any CPU
		{610FB933-5858-486D-B2C8-6B7132754E06}.Debug|Any CPU.Build.0 = Debug|Any CPU
		{610FB933-5858-486D-B2C8-6B7132754E06}.Debug|x64.ActiveCfg = Debug|Any CPU
		{610FB933-5858-486D-B2C8-6B7132754E06}.Debug|x86.ActiveCfg = Debug|Any CPU
		{610FB933-5858-486D-B2C8-6B7132754E06}.Release|Any CPU.ActiveCfg = Release|Any CPU
		{610FB933-5858-486D-B2C8-6B7132754E06}.Release|Any CPU.Build.0 = Release|Any CPU
		{610FB933-5858-486D-B2C8-6B7132754E06}.Release|x64.ActiveCfg = Release|Any CPU
		{610FB933-5858-486D-B2C8-6B7132754E06}.Release|x86.ActiveCfg = Release|Any CPU
		{F26E8251-F511-4889-A31D-384D1F497A2B}.Debug|Any CPU.ActiveCfg = Debug|Any CPU
		{F26E8251-F511-4889-A31D-384D1F497A2B}.Debug|Any CPU.Build.0 = Debug|Any CPU
		{F26E8251-F511-4889-A31D-384D1F497A2B}.Debug|x64.ActiveCfg = Debug|Any CPU
		{F26E8251-F511-4889-A31D-384D1F497A2B}.Debug|x86.ActiveCfg = Debug|Any CPU
		{F26E8251-F511-4889-A31D-384D1F497A2B}.Release|Any CPU.ActiveCfg = Release|Any CPU
		{F26E8251-F511-4889-A31D-384D1F497A2B}.Release|Any CPU.Build.0 = Release|Any CPU
		{F26E8251-F511-4889-A31D-384D1F497A2B}.Release|x64.ActiveCfg = Release|Any CPU
		{F26E8251-F511-4889-A31D-384D1F497A2B}.Release|x86.ActiveCfg = Release|Any CPU
		{29AB90A7-F4EB-4619-BD62-05ACEBD19FEC}.Debug|Any CPU.ActiveCfg = Debug|Any CPU
		{29AB90A7-F4EB-4619-BD62-05ACEBD19FEC}.Debug|Any CPU.Build.0 = Debug|Any CPU
		{29AB90A7-F4EB-4619-BD62-05ACEBD19FEC}.Debug|x64.ActiveCfg = Debug|Any CPU
		{29AB90A7-F4EB-4619-BD62-05ACEBD19FEC}.Debug|x86.ActiveCfg = Debug|Any CPU
		{29AB90A7-F4EB-4619-BD62-05ACEBD19FEC}.Release|Any CPU.ActiveCfg = Release|Any CPU
		{29AB90A7-F4EB-4619-BD62-05ACEBD19FEC}.Release|Any CPU.Build.0 = Release|Any CPU
		{29AB90A7-F4EB-4619-BD62-05ACEBD19FEC}.Release|x64.ActiveCfg = Release|Any CPU
		{29AB90A7-F4EB-4619-BD62-05ACEBD19FEC}.Release|x86.ActiveCfg = Release|Any CPU
		{A820B67A-D404-4DB1-AA99-18ADB90678F7}.Debug|Any CPU.ActiveCfg = Debug|Any CPU
		{A820B67A-D404-4DB1-AA99-18ADB90678F7}.Debug|Any CPU.Build.0 = Debug|Any CPU
		{A820B67A-D404-4DB1-AA99-18ADB90678F7}.Debug|x64.ActiveCfg = Debug|Any CPU
		{A820B67A-D404-4DB1-AA99-18ADB90678F7}.Debug|x86.ActiveCfg = Debug|Any CPU
		{A820B67A-D404-4DB1-AA99-18ADB90678F7}.Release|Any CPU.ActiveCfg = Release|Any CPU
		{A820B67A-D404-4DB1-AA99-18ADB90678F7}.Release|Any CPU.Build.0 = Release|Any CPU
		{A820B67A-D404-4DB1-AA99-18ADB90678F7}.Release|x64.ActiveCfg = Release|Any CPU
		{A820B67A-D404-4DB1-AA99-18ADB90678F7}.Release|x86.ActiveCfg = Release|Any CPU
		{CC9F78D0-B8DA-4945-9B59-96BC05762F56}.Debug|Any CPU.ActiveCfg = Debug|Any CPU
		{CC9F78D0-B8DA-4945-9B59-96BC05762F56}.Debug|Any CPU.Build.0 = Debug|Any CPU
		{CC9F78D0-B8DA-4945-9B59-96BC05762F56}.Debug|x64.ActiveCfg = Debug|Any CPU
		{CC9F78D0-B8DA-4945-9B59-96BC05762F56}.Debug|x64.Build.0 = Debug|Any CPU
		{CC9F78D0-B8DA-4945-9B59-96BC05762F56}.Debug|x86.ActiveCfg = Debug|Any CPU
		{CC9F78D0-B8DA-4945-9B59-96BC05762F56}.Debug|x86.Build.0 = Debug|Any CPU
		{CC9F78D0-B8DA-4945-9B59-96BC05762F56}.Release|Any CPU.ActiveCfg = Release|Any CPU
		{CC9F78D0-B8DA-4945-9B59-96BC05762F56}.Release|Any CPU.Build.0 = Release|Any CPU
		{CC9F78D0-B8DA-4945-9B59-96BC05762F56}.Release|x64.ActiveCfg = Release|Any CPU
		{CC9F78D0-B8DA-4945-9B59-96BC05762F56}.Release|x64.Build.0 = Release|Any CPU
		{CC9F78D0-B8DA-4945-9B59-96BC05762F56}.Release|x86.ActiveCfg = Release|Any CPU
		{CC9F78D0-B8DA-4945-9B59-96BC05762F56}.Release|x86.Build.0 = Release|Any CPU
		{E606E1DF-3F67-406A-A1CF-B691143763D8}.Debug|Any CPU.ActiveCfg = Debug|Any CPU
		{E606E1DF-3F67-406A-A1CF-B691143763D8}.Debug|Any CPU.Build.0 = Debug|Any CPU
		{E606E1DF-3F67-406A-A1CF-B691143763D8}.Debug|x64.ActiveCfg = Debug|Any CPU
		{E606E1DF-3F67-406A-A1CF-B691143763D8}.Debug|x64.Build.0 = Debug|Any CPU
		{E606E1DF-3F67-406A-A1CF-B691143763D8}.Debug|x86.ActiveCfg = Debug|Any CPU
		{E606E1DF-3F67-406A-A1CF-B691143763D8}.Debug|x86.Build.0 = Debug|Any CPU
		{E606E1DF-3F67-406A-A1CF-B691143763D8}.Release|Any CPU.ActiveCfg = Release|Any CPU
		{E606E1DF-3F67-406A-A1CF-B691143763D8}.Release|Any CPU.Build.0 = Release|Any CPU
		{E606E1DF-3F67-406A-A1CF-B691143763D8}.Release|x64.ActiveCfg = Release|Any CPU
		{E606E1DF-3F67-406A-A1CF-B691143763D8}.Release|x64.Build.0 = Release|Any CPU
		{E606E1DF-3F67-406A-A1CF-B691143763D8}.Release|x86.ActiveCfg = Release|Any CPU
		{E606E1DF-3F67-406A-A1CF-B691143763D8}.Release|x86.Build.0 = Release|Any CPU
		{3066E943-F5A1-42D2-A7AF-C68A870CAB18}.Debug|Any CPU.ActiveCfg = Debug|Any CPU
		{3066E943-F5A1-42D2-A7AF-C68A870CAB18}.Debug|Any CPU.Build.0 = Debug|Any CPU
		{3066E943-F5A1-42D2-A7AF-C68A870CAB18}.Debug|x64.ActiveCfg = Debug|Any CPU
		{3066E943-F5A1-42D2-A7AF-C68A870CAB18}.Debug|x64.Build.0 = Debug|Any CPU
		{3066E943-F5A1-42D2-A7AF-C68A870CAB18}.Debug|x86.ActiveCfg = Debug|Any CPU
		{3066E943-F5A1-42D2-A7AF-C68A870CAB18}.Debug|x86.Build.0 = Debug|Any CPU
		{3066E943-F5A1-42D2-A7AF-C68A870CAB18}.Release|Any CPU.ActiveCfg = Release|Any CPU
		{3066E943-F5A1-42D2-A7AF-C68A870CAB18}.Release|Any CPU.Build.0 = Release|Any CPU
		{3066E943-F5A1-42D2-A7AF-C68A870CAB18}.Release|x64.ActiveCfg = Release|Any CPU
		{3066E943-F5A1-42D2-A7AF-C68A870CAB18}.Release|x64.Build.0 = Release|Any CPU
		{3066E943-F5A1-42D2-A7AF-C68A870CAB18}.Release|x86.ActiveCfg = Release|Any CPU
		{3066E943-F5A1-42D2-A7AF-C68A870CAB18}.Release|x86.Build.0 = Release|Any CPU
		{4F287F0B-022D-43DA-9941-291A957E0E7F}.Debug|Any CPU.ActiveCfg = Debug|Any CPU
		{4F287F0B-022D-43DA-9941-291A957E0E7F}.Debug|Any CPU.Build.0 = Debug|Any CPU
		{4F287F0B-022D-43DA-9941-291A957E0E7F}.Debug|x64.ActiveCfg = Debug|x64
		{4F287F0B-022D-43DA-9941-291A957E0E7F}.Debug|x64.Build.0 = Debug|x64
		{4F287F0B-022D-43DA-9941-291A957E0E7F}.Debug|x86.ActiveCfg = Debug|x86
		{4F287F0B-022D-43DA-9941-291A957E0E7F}.Debug|x86.Build.0 = Debug|x86
		{4F287F0B-022D-43DA-9941-291A957E0E7F}.Release|Any CPU.ActiveCfg = Release|Any CPU
		{4F287F0B-022D-43DA-9941-291A957E0E7F}.Release|Any CPU.Build.0 = Release|Any CPU
		{4F287F0B-022D-43DA-9941-291A957E0E7F}.Release|x64.ActiveCfg = Release|x64
		{4F287F0B-022D-43DA-9941-291A957E0E7F}.Release|x64.Build.0 = Release|x64
		{4F287F0B-022D-43DA-9941-291A957E0E7F}.Release|x86.ActiveCfg = Release|x86
		{4F287F0B-022D-43DA-9941-291A957E0E7F}.Release|x86.Build.0 = Release|x86
		{358E3866-5A76-4B5E-8903-8D605977CE0E}.Debug|Any CPU.ActiveCfg = Debug|Any CPU
		{358E3866-5A76-4B5E-8903-8D605977CE0E}.Debug|Any CPU.Build.0 = Debug|Any CPU
		{358E3866-5A76-4B5E-8903-8D605977CE0E}.Debug|x64.ActiveCfg = Debug|Any CPU
		{358E3866-5A76-4B5E-8903-8D605977CE0E}.Debug|x64.Build.0 = Debug|Any CPU
		{358E3866-5A76-4B5E-8903-8D605977CE0E}.Debug|x86.ActiveCfg = Debug|Any CPU
		{358E3866-5A76-4B5E-8903-8D605977CE0E}.Debug|x86.Build.0 = Debug|Any CPU
		{358E3866-5A76-4B5E-8903-8D605977CE0E}.Release|Any CPU.ActiveCfg = Release|Any CPU
		{358E3866-5A76-4B5E-8903-8D605977CE0E}.Release|Any CPU.Build.0 = Release|Any CPU
		{358E3866-5A76-4B5E-8903-8D605977CE0E}.Release|x64.ActiveCfg = Release|Any CPU
		{358E3866-5A76-4B5E-8903-8D605977CE0E}.Release|x64.Build.0 = Release|Any CPU
		{358E3866-5A76-4B5E-8903-8D605977CE0E}.Release|x86.ActiveCfg = Release|Any CPU
		{358E3866-5A76-4B5E-8903-8D605977CE0E}.Release|x86.Build.0 = Release|Any CPU
		{13BDEFD8-8A9A-4FA9-9E76-420D45237F85}.Debug|Any CPU.ActiveCfg = Debug|Any CPU
		{13BDEFD8-8A9A-4FA9-9E76-420D45237F85}.Debug|Any CPU.Build.0 = Debug|Any CPU
		{13BDEFD8-8A9A-4FA9-9E76-420D45237F85}.Debug|x64.ActiveCfg = Debug|Any CPU
		{13BDEFD8-8A9A-4FA9-9E76-420D45237F85}.Debug|x64.Build.0 = Debug|Any CPU
		{13BDEFD8-8A9A-4FA9-9E76-420D45237F85}.Debug|x86.ActiveCfg = Debug|Any CPU
		{13BDEFD8-8A9A-4FA9-9E76-420D45237F85}.Debug|x86.Build.0 = Debug|Any CPU
		{13BDEFD8-8A9A-4FA9-9E76-420D45237F85}.Release|Any CPU.ActiveCfg = Release|Any CPU
		{13BDEFD8-8A9A-4FA9-9E76-420D45237F85}.Release|Any CPU.Build.0 = Release|Any CPU
		{13BDEFD8-8A9A-4FA9-9E76-420D45237F85}.Release|x64.ActiveCfg = Release|Any CPU
		{13BDEFD8-8A9A-4FA9-9E76-420D45237F85}.Release|x64.Build.0 = Release|Any CPU
		{13BDEFD8-8A9A-4FA9-9E76-420D45237F85}.Release|x86.ActiveCfg = Release|Any CPU
		{13BDEFD8-8A9A-4FA9-9E76-420D45237F85}.Release|x86.Build.0 = Release|Any CPU
	EndGlobalSection
	GlobalSection(SolutionProperties) = preSolution
		HideSolutionNode = FALSE
	EndGlobalSection
EndGlobal
