
Microsoft Visual Studio Solution File, Format Version 12.00
# Visual Studio 15
VisualStudioVersion = 15.0.26403.7
MinimumVisualStudioVersion = 10.0.40219.1
Project("{F184B08F-C81C-45F6-A57F-5ABD9991F28F}") = "DTIAdminPanel", "DTIAdminPanel\DTIAdminPanel.vbproj", "{74009BBF-5539-4A38-8532-D9D5880D273D}"
EndProject
Project("{F184B08F-C81C-45F6-A57F-5ABD9991F28F}") = "DTISortable", "..\DTISortable\DTISortable\DTISortable.vbproj", "{453D33FF-37BA-4EEC-B7DA-B117D85041AD}"
EndProject
Project("{F184B08F-C81C-45F6-A57F-5ABD9991F28F}") = "DTIAdminPanelTestProject", "DTIAdminPanelTestProject\DTIAdminPanelTestProject.vbproj", "{E63BA704-4791-4CED-895C-ECD954DE8A6D}"
EndProject
Global
	GlobalSection(SolutionConfigurationPlatforms) = preSolution
		Debug|Any CPU = Debug|Any CPU
		Release|Any CPU = Release|Any CPU
	EndGlobalSection
	GlobalSection(ProjectConfigurationPlatforms) = postSolution
		{74009BBF-5539-4A38-8532-D9D5880D273D}.Debug|Any CPU.ActiveCfg = Debug|Any CPU
		{74009BBF-5539-4A38-8532-D9D5880D273D}.Debug|Any CPU.Build.0 = Debug|Any CPU
		{74009BBF-5539-4A38-8532-D9D5880D273D}.Release|Any CPU.ActiveCfg = Release|Any CPU
		{74009BBF-5539-4A38-8532-D9D5880D273D}.Release|Any CPU.Build.0 = Release|Any CPU
		{453D33FF-37BA-4EEC-B7DA-B117D85041AD}.Debug|Any CPU.ActiveCfg = Debug|Any CPU
		{453D33FF-37BA-4EEC-B7DA-B117D85041AD}.Debug|Any CPU.Build.0 = Debug|Any CPU
		{453D33FF-37BA-4EEC-B7DA-B117D85041AD}.Release|Any CPU.ActiveCfg = Release|Any CPU
		{453D33FF-37BA-4EEC-B7DA-B117D85041AD}.Release|Any CPU.Build.0 = Release|Any CPU
		{E63BA704-4791-4CED-895C-ECD954DE8A6D}.Debug|Any CPU.ActiveCfg = Debug|Any CPU
		{E63BA704-4791-4CED-895C-ECD954DE8A6D}.Debug|Any CPU.Build.0 = Debug|Any CPU
		{E63BA704-4791-4CED-895C-ECD954DE8A6D}.Release|Any CPU.ActiveCfg = Release|Any CPU
		{E63BA704-4791-4CED-895C-ECD954DE8A6D}.Release|Any CPU.Build.0 = Release|Any CPU
	EndGlobalSection
	GlobalSection(SolutionProperties) = preSolution
		HideSolutionNode = FALSE
	EndGlobalSection
	GlobalSection(MonoDevelopProperties) = preSolution
		StartupItem = DTIAdminPanelTestProject\DTIAdminPanelTestProject.vbproj
	EndGlobalSection
EndGlobal
